// !$*UTF8*$!
{
	archiveVersion = 1;
	classes = {
	};
	objectVersion = 56;
	objects = {

/* Begin PBXBuildFile section */
		048CBAFF297B0F2700FAF443 /* AppDelegate.swift in Sources */ = {isa = PBXBuildFile; fileRef = 048CBAFE297B0F2700FAF443 /* AppDelegate.swift */; };
		048CBB01297B0F2700FAF443 /* SceneDelegate.swift in Sources */ = {isa = PBXBuildFile; fileRef = 048CBB00297B0F2700FAF443 /* SceneDelegate.swift */; };
		048CBB03297B0F2700FAF443 /* ViewController.swift in Sources */ = {isa = PBXBuildFile; fileRef = 048CBB02297B0F2700FAF443 /* ViewController.swift */; };
		048CBB06297B0F2700FAF443 /* Main.storyboard in Resources */ = {isa = PBXBuildFile; fileRef = 048CBB04297B0F2700FAF443 /* Main.storyboard */; };
		048CBB08297B0F2800FAF443 /* Assets.xcassets in Resources */ = {isa = PBXBuildFile; fileRef = 048CBB07297B0F2800FAF443 /* Assets.xcassets */; };
		048CBB0B297B0F2800FAF443 /* LaunchScreen.storyboard in Resources */ = {isa = PBXBuildFile; fileRef = 048CBB09297B0F2800FAF443 /* LaunchScreen.storyboard */; };
		048CBB16297B0F2800FAF443 /* Employee_DirectoryTests.swift in Sources */ = {isa = PBXBuildFile; fileRef = 048CBB15297B0F2800FAF443 /* Employee_DirectoryTests.swift */; };
		048CBB20297B0F2800FAF443 /* Employee_DirectoryUITests.swift in Sources */ = {isa = PBXBuildFile; fileRef = 048CBB1F297B0F2800FAF443 /* Employee_DirectoryUITests.swift */; };
		048CBB22297B0F2800FAF443 /* Employee_DirectoryUITestsLaunchTests.swift in Sources */ = {isa = PBXBuildFile; fileRef = 048CBB21297B0F2800FAF443 /* Employee_DirectoryUITestsLaunchTests.swift */; };
/* End PBXBuildFile section */

/* Begin PBXContainerItemProxy section */
		048CBB12297B0F2800FAF443 /* PBXContainerItemProxy */ = {
			isa = PBXContainerItemProxy;
			containerPortal = 048CBAF3297B0F2700FAF443 /* Project object */;
			proxyType = 1;
			remoteGlobalIDString = 048CBAFA297B0F2700FAF443;
			remoteInfo = "Employee Directory";
		};
		048CBB1C297B0F2800FAF443 /* PBXContainerItemProxy */ = {
			isa = PBXContainerItemProxy;
			containerPortal = 048CBAF3297B0F2700FAF443 /* Project object */;
			proxyType = 1;
			remoteGlobalIDString = 048CBAFA297B0F2700FAF443;
			remoteInfo = "Employee Directory";
		};
/* End PBXContainerItemProxy section */

/* Begin PBXFileReference section */
		048CBAFB297B0F2700FAF443 /* Employee Directory.app */ = {isa = PBXFileReference; explicitFileType = wrapper.application; includeInIndex = 0; path = "Employee Directory.app"; sourceTree = BUILT_PRODUCTS_DIR; };
		048CBAFE297B0F2700FAF443 /* AppDelegate.swift */ = {isa = PBXFileReference; lastKnownFileType = sourcecode.swift; path = AppDelegate.swift; sourceTree = "<group>"; };
		048CBB00297B0F2700FAF443 /* SceneDelegate.swift */ = {isa = PBXFileReference; lastKnownFileType = sourcecode.swift; path = SceneDelegate.swift; sourceTree = "<group>"; };
		048CBB02297B0F2700FAF443 /* ViewController.swift */ = {isa = PBXFileReference; lastKnownFileType = sourcecode.swift; path = ViewController.swift; sourceTree = "<group>"; };
		048CBB05297B0F2700FAF443 /* Base */ = {isa = PBXFileReference; lastKnownFileType = file.storyboard; name = Base; path = Base.lproj/Main.storyboard; sourceTree = "<group>"; };
		048CBB07297B0F2800FAF443 /* Assets.xcassets */ = {isa = PBXFileReference; lastKnownFileType = folder.assetcatalog; path = Assets.xcassets; sourceTree = "<group>"; };
		048CBB0A297B0F2800FAF443 /* Base */ = {isa = PBXFileReference; lastKnownFileType = file.storyboard; name = Base; path = Base.lproj/LaunchScreen.storyboard; sourceTree = "<group>"; };
		048CBB0C297B0F2800FAF443 /* Info.plist */ = {isa = PBXFileReference; lastKnownFileType = text.plist.xml; path = Info.plist; sourceTree = "<group>"; };
		048CBB11297B0F2800FAF443 /* Employee DirectoryTests.xctest */ = {isa = PBXFileReference; explicitFileType = wrapper.cfbundle; includeInIndex = 0; path = "Employee DirectoryTests.xctest"; sourceTree = BUILT_PRODUCTS_DIR; };
		048CBB15297B0F2800FAF443 /* Employee_DirectoryTests.swift */ = {isa = PBXFileReference; lastKnownFileType = sourcecode.swift; path = Employee_DirectoryTests.swift; sourceTree = "<group>"; };
		048CBB1B297B0F2800FAF443 /* Employee DirectoryUITests.xctest */ = {isa = PBXFileReference; explicitFileType = wrapper.cfbundle; includeInIndex = 0; path = "Employee DirectoryUITests.xctest"; sourceTree = BUILT_PRODUCTS_DIR; };
		048CBB1F297B0F2800FAF443 /* Employee_DirectoryUITests.swift */ = {isa = PBXFileReference; lastKnownFileType = sourcecode.swift; path = Employee_DirectoryUITests.swift; sourceTree = "<group>"; };
		048CBB21297B0F2800FAF443 /* Employee_DirectoryUITestsLaunchTests.swift */ = {isa = PBXFileReference; lastKnownFileType = sourcecode.swift; path = Employee_DirectoryUITestsLaunchTests.swift; sourceTree = "<group>"; };
/* End PBXFileReference section */

/* Begin PBXFrameworksBuildPhase section */
		048CBAF8297B0F2700FAF443 /* Frameworks */ = {
			isa = PBXFrameworksBuildPhase;
			buildActionMask = 2147483647;
			files = (
			);
			runOnlyForDeploymentPostprocessing = 0;
		};
		048CBB0E297B0F2800FAF443 /* Frameworks */ = {
			isa = PBXFrameworksBuildPhase;
			buildActionMask = 2147483647;
			files = (
			);
			runOnlyForDeploymentPostprocessing = 0;
		};
		048CBB18297B0F2800FAF443 /* Frameworks */ = {
			isa = PBXFrameworksBuildPhase;
			buildActionMask = 2147483647;
			files = (
			);
			runOnlyForDeploymentPostprocessing = 0;
		};
/* End PBXFrameworksBuildPhase section */

/* Begin PBXGroup section */
		048CBAF2297B0F2700FAF443 = {
			isa = PBXGroup;
			children = (
				048CBAFD297B0F2700FAF443 /* Employee Directory */,
				048CBB14297B0F2800FAF443 /* Employee DirectoryTests */,
				048CBB1E297B0F2800FAF443 /* Employee DirectoryUITests */,
				048CBAFC297B0F2700FAF443 /* Products */,
			);
			sourceTree = "<group>";
		};
		048CBAFC297B0F2700FAF443 /* Products */ = {
			isa = PBXGroup;
			children = (
				048CBAFB297B0F2700FAF443 /* Employee Directory.app */,
				048CBB11297B0F2800FAF443 /* Employee DirectoryTests.xctest */,
				048CBB1B297B0F2800FAF443 /* Employee DirectoryUITests.xctest */,
			);
			name = Products;
			sourceTree = "<group>";
		};
		048CBAFD297B0F2700FAF443 /* Employee Directory */ = {
			isa = PBXGroup;
			children = (
				048CBAFE297B0F2700FAF443 /* AppDelegate.swift */,
				048CBB00297B0F2700FAF443 /* SceneDelegate.swift */,
				048CBB02297B0F2700FAF443 /* ViewController.swift */,
				048CBB04297B0F2700FAF443 /* Main.storyboard */,
				048CBB07297B0F2800FAF443 /* Assets.xcassets */,
				048CBB09297B0F2800FAF443 /* LaunchScreen.storyboard */,
				048CBB0C297B0F2800FAF443 /* Info.plist */,
			);
			path = "Employee Directory";
			sourceTree = "<group>";
		};
		048CBB14297B0F2800FAF443 /* Employee DirectoryTests */ = {
			isa = PBXGroup;
			children = (
				048CBB15297B0F2800FAF443 /* Employee_DirectoryTests.swift */,
			);
			path = "Employee DirectoryTests";
			sourceTree = "<group>";
		};
		048CBB1E297B0F2800FAF443 /* Employee DirectoryUITests */ = {
			isa = PBXGroup;
			children = (
				048CBB1F297B0F2800FAF443 /* Employee_DirectoryUITests.swift */,
				048CBB21297B0F2800FAF443 /* Employee_DirectoryUITestsLaunchTests.swift */,
			);
			path = "Employee DirectoryUITests";
			sourceTree = "<group>";
		};
/* End PBXGroup section */

/* Begin PBXNativeTarget section */
		048CBAFA297B0F2700FAF443 /* Employee Directory */ = {
			isa = PBXNativeTarget;
			buildConfigurationList = 048CBB25297B0F2800FAF443 /* Build configuration list for PBXNativeTarget "Employee Directory" */;
			buildPhases = (
				048CBAF7297B0F2700FAF443 /* Sources */,
				048CBAF8297B0F2700FAF443 /* Frameworks */,
				048CBAF9297B0F2700FAF443 /* Resources */,
			);
			buildRules = (
			);
			dependencies = (
			);
			name = "Employee Directory";
			productName = "Employee Directory";
			productReference = 048CBAFB297B0F2700FAF443 /* Employee Directory.app */;
			productType = "com.apple.product-type.application";
		};
		048CBB10297B0F2800FAF443 /* Employee DirectoryTests */ = {
			isa = PBXNativeTarget;
			buildConfigurationList = 048CBB28297B0F2800FAF443 /* Build configuration list for PBXNativeTarget "Employee DirectoryTests" */;
			buildPhases = (
				048CBB0D297B0F2800FAF443 /* Sources */,
				048CBB0E297B0F2800FAF443 /* Frameworks */,
				048CBB0F297B0F2800FAF443 /* Resources */,
			);
			buildRules = (
			);
			dependencies = (
				048CBB13297B0F2800FAF443 /* PBXTargetDependency */,
			);
			name = "Employee DirectoryTests";
			productName = "Employee DirectoryTests";
			productReference = 048CBB11297B0F2800FAF443 /* Employee DirectoryTests.xctest */;
			productType = "com.apple.product-type.bundle.unit-test";
		};
		048CBB1A297B0F2800FAF443 /* Employee DirectoryUITests */ = {
			isa = PBXNativeTarget;
			buildConfigurationList = 048CBB2B297B0F2800FAF443 /* Build configuration list for PBXNativeTarget "Employee DirectoryUITests" */;
			buildPhases = (
				048CBB17297B0F2800FAF443 /* Sources */,
				048CBB18297B0F2800FAF443 /* Frameworks */,
				048CBB19297B0F2800FAF443 /* Resources */,
			);
			buildRules = (
			);
			dependencies = (
				048CBB1D297B0F2800FAF443 /* PBXTargetDependency */,
			);
			name = "Employee DirectoryUITests";
			productName = "Employee DirectoryUITests";
			productReference = 048CBB1B297B0F2800FAF443 /* Employee DirectoryUITests.xctest */;
			productType = "com.apple.product-type.bundle.ui-testing";
		};
/* End PBXNativeTarget section */

/* Begin PBXProject section */
		048CBAF3297B0F2700FAF443 /* Project object */ = {
			isa = PBXProject;
			attributes = {
				BuildIndependentTargetsInParallel = 1;
				LastSwiftUpdateCheck = 1420;
				LastUpgradeCheck = 1420;
				TargetAttributes = {
					048CBAFA297B0F2700FAF443 = {
						CreatedOnToolsVersion = 14.2;
					};
					048CBB10297B0F2800FAF443 = {
						CreatedOnToolsVersion = 14.2;
						TestTargetID = 048CBAFA297B0F2700FAF443;
					};
					048CBB1A297B0F2800FAF443 = {
						CreatedOnToolsVersion = 14.2;
						TestTargetID = 048CBAFA297B0F2700FAF443;
					};
				};
			};
			buildConfigurationList = 048CBAF6297B0F2700FAF443 /* Build configuration list for PBXProject "Employee Directory" */;
			compatibilityVersion = "Xcode 14.0";
			developmentRegion = en;
			hasScannedForEncodings = 0;
			knownRegions = (
				en,
				Base,
			);
			mainGroup = 048CBAF2297B0F2700FAF443;
			productRefGroup = 048CBAFC297B0F2700FAF443 /* Products */;
			projectDirPath = "";
			projectRoot = "";
			targets = (
				048CBAFA297B0F2700FAF443 /* Employee Directory */,
				048CBB10297B0F2800FAF443 /* Employee DirectoryTests */,
				048CBB1A297B0F2800FAF443 /* Employee DirectoryUITests */,
			);
		};
/* End PBXProject section */

/* Begin PBXResourcesBuildPhase section */
		048CBAF9297B0F2700FAF443 /* Resources */ = {
			isa = PBXResourcesBuildPhase;
			buildActionMask = 2147483647;
			files = (
				048CBB0B297B0F2800FAF443 /* LaunchScreen.storyboard in Resources */,
				048CBB08297B0F2800FAF443 /* Assets.xcassets in Resources */,
				048CBB06297B0F2700FAF443 /* Main.storyboard in Resources */,
			);
			runOnlyForDeploymentPostprocessing = 0;
		};
		048CBB0F297B0F2800FAF443 /* Resources */ = {
			isa = PBXResourcesBuildPhase;
			buildActionMask = 2147483647;
			files = (
			);
			runOnlyForDeploymentPostprocessing = 0;
		};
		048CBB19297B0F2800FAF443 /* Resources */ = {
			isa = PBXResourcesBuildPhase;
			buildActionMask = 2147483647;
			files = (
			);
			runOnlyForDeploymentPostprocessing = 0;
		};
/* End PBXResourcesBuildPhase section */

/* Begin PBXSourcesBuildPhase section */
		048CBAF7297B0F2700FAF443 /* Sources */ = {
			isa = PBXSourcesBuildPhase;
			buildActionMask = 2147483647;
			files = (
				048CBB03297B0F2700FAF443 /* ViewController.swift in Sources */,
				048CBAFF297B0F2700FAF443 /* AppDelegate.swift in Sources */,
				048CBB01297B0F2700FAF443 /* SceneDelegate.swift in Sources */,
			);
			runOnlyForDeploymentPostprocessing = 0;
		};
		048CBB0D297B0F2800FAF443 /* Sources */ = {
			isa = PBXSourcesBuildPhase;
			buildActionMask = 2147483647;
			files = (
				048CBB16297B0F2800FAF443 /* Employee_DirectoryTests.swift in Sources */,
			);
			runOnlyForDeploymentPostprocessing = 0;
		};
		048CBB17297B0F2800FAF443 /* Sources */ = {
			isa = PBXSourcesBuildPhase;
			buildActionMask = 2147483647;
			files = (
				048CBB22297B0F2800FAF443 /* Employee_DirectoryUITestsLaunchTests.swift in Sources */,
				048CBB20297B0F2800FAF443 /* Employee_DirectoryUITests.swift in Sources */,
			);
			runOnlyForDeploymentPostprocessing = 0;
		};
/* End PBXSourcesBuildPhase section */

/* Begin PBXTargetDependency section */
		048CBB13297B0F2800FAF443 /* PBXTargetDependency */ = {
			isa = PBXTargetDependency;
			target = 048CBAFA297B0F2700FAF443 /* Employee Directory */;
			targetProxy = 048CBB12297B0F2800FAF443 /* PBXContainerItemProxy */;
		};
		048CBB1D297B0F2800FAF443 /* PBXTargetDependency */ = {
			isa = PBXTargetDependency;
			target = 048CBAFA297B0F2700FAF443 /* Employee Directory */;
			targetProxy = 048CBB1C297B0F2800FAF443 /* PBXContainerItemProxy */;
		};
/* End PBXTargetDependency section */

/* Begin PBXVariantGroup section */
		048CBB04297B0F2700FAF443 /* Main.storyboard */ = {
			isa = PBXVariantGroup;
			children = (
				048CBB05297B0F2700FAF443 /* Base */,
			);
			name = Main.storyboard;
			sourceTree = "<group>";
		};
		048CBB09297B0F2800FAF443 /* LaunchScreen.storyboard */ = {
			isa = PBXVariantGroup;
			children = (
				048CBB0A297B0F2800FAF443 /* Base */,
			);
			name = LaunchScreen.storyboard;
			sourceTree = "<group>";
		};
/* End PBXVariantGroup section */

/* Begin XCBuildConfiguration section */
		048CBB23297B0F2800FAF443 /* Debug */ = {
			isa = XCBuildConfiguration;
			buildSettings = {
				ALWAYS_SEARCH_USER_PATHS = NO;
				CLANG_ANALYZER_NONNULL = YES;
				CLANG_ANALYZER_NUMBER_OBJECT_CONVERSION = YES_AGGRESSIVE;
				CLANG_CXX_LANGUAGE_STANDARD = "gnu++20";
				CLANG_ENABLE_MODULES = YES;
				CLANG_ENABLE_OBJC_ARC = YES;
				CLANG_ENABLE_OBJC_WEAK = YES;
				CLANG_WARN_BLOCK_CAPTURE_AUTORELEASING = YES;
				CLANG_WARN_BOOL_CONVERSION = YES;
				CLANG_WARN_COMMA = YES;
				CLANG_WARN_CONSTANT_CONVERSION = YES;
				CLANG_WARN_DEPRECATED_OBJC_IMPLEMENTATIONS = YES;
				CLANG_WARN_DIRECT_OBJC_ISA_USAGE = YES_ERROR;
				CLANG_WARN_DOCUMENTATION_COMMENTS = YES;
				CLANG_WARN_EMPTY_BODY = YES;
				CLANG_WARN_ENUM_CONVERSION = YES;
				CLANG_WARN_INFINITE_RECURSION = YES;
				CLANG_WARN_INT_CONVERSION = YES;
				CLANG_WARN_NON_LITERAL_NULL_CONVERSION = YES;
				CLANG_WARN_OBJC_IMPLICIT_RETAIN_SELF = YES;
				CLANG_WARN_OBJC_LITERAL_CONVERSION = YES;
				CLANG_WARN_OBJC_ROOT_CLASS = YES_ERROR;
				CLANG_WARN_QUOTED_INCLUDE_IN_FRAMEWORK_HEADER = YES;
				CLANG_WARN_RANGE_LOOP_ANALYSIS = YES;
				CLANG_WARN_STRICT_PROTOTYPES = YES;
				CLANG_WARN_SUSPICIOUS_MOVE = YES;
				CLANG_WARN_UNGUARDED_AVAILABILITY = YES_AGGRESSIVE;
				CLANG_WARN_UNREACHABLE_CODE = YES;
				CLANG_WARN__DUPLICATE_METHOD_MATCH = YES;
				COPY_PHASE_STRIP = NO;
				DEBUG_INFORMATION_FORMAT = dwarf;
				ENABLE_STRICT_OBJC_MSGSEND = YES;
				ENABLE_TESTABILITY = YES;
				GCC_C_LANGUAGE_STANDARD = gnu11;
				GCC_DYNAMIC_NO_PIC = NO;
				GCC_NO_COMMON_BLOCKS = YES;
				GCC_OPTIMIZATION_LEVEL = 0;
				GCC_PREPROCESSOR_DEFINITIONS = (
					"DEBUG=1",
					"$(inherited)",
				);
				GCC_WARN_64_TO_32_BIT_CONVERSION = YES;
				GCC_WARN_ABOUT_RETURN_TYPE = YES_ERROR;
				GCC_WARN_UNDECLARED_SELECTOR = YES;
				GCC_WARN_UNINITIALIZED_AUTOS = YES_AGGRESSIVE;
				GCC_WARN_UNUSED_FUNCTION = YES;
				GCC_WARN_UNUSED_VARIABLE = YES;
				IPHONEOS_DEPLOYMENT_TARGET = 16.2;
				MTL_ENABLE_DEBUG_INFO = INCLUDE_SOURCE;
				MTL_FAST_MATH = YES;
				ONLY_ACTIVE_ARCH = YES;
				SDKROOT = iphoneos;
				SWIFT_ACTIVE_COMPILATION_CONDITIONS = DEBUG;
				SWIFT_OPTIMIZATION_LEVEL = "-Onone";
			};
			name = Debug;
		};
		048CBB24297B0F2800FAF443 /* Release */ = {
			isa = XCBuildConfiguration;
			buildSettings = {
				ALWAYS_SEARCH_USER_PATHS = NO;
				CLANG_ANALYZER_NONNULL = YES;
				CLANG_ANALYZER_NUMBER_OBJECT_CONVERSION = YES_AGGRESSIVE;
				CLANG_CXX_LANGUAGE_STANDARD = "gnu++20";
				CLANG_ENABLE_MODULES = YES;
				CLANG_ENABLE_OBJC_ARC = YES;
				CLANG_ENABLE_OBJC_WEAK = YES;
				CLANG_WARN_BLOCK_CAPTURE_AUTORELEASING = YES;
				CLANG_WARN_BOOL_CONVERSION = YES;
				CLANG_WARN_COMMA = YES;
				CLANG_WARN_CONSTANT_CONVERSION = YES;
				CLANG_WARN_DEPRECATED_OBJC_IMPLEMENTATIONS = YES;
				CLANG_WARN_DIRECT_OBJC_ISA_USAGE = YES_ERROR;
				CLANG_WARN_DOCUMENTATION_COMMENTS = YES;
				CLANG_WARN_EMPTY_BODY = YES;
				CLANG_WARN_ENUM_CONVERSION = YES;
				CLANG_WARN_INFINITE_RECURSION = YES;
				CLANG_WARN_INT_CONVERSION = YES;
				CLANG_WARN_NON_LITERAL_NULL_CONVERSION = YES;
				CLANG_WARN_OBJC_IMPLICIT_RETAIN_SELF = YES;
				CLANG_WARN_OBJC_LITERAL_CONVERSION = YES;
				CLANG_WARN_OBJC_ROOT_CLASS = YES_ERROR;
				CLANG_WARN_QUOTED_INCLUDE_IN_FRAMEWORK_HEADER = YES;
				CLANG_WARN_RANGE_LOOP_ANALYSIS = YES;
				CLANG_WARN_STRICT_PROTOTYPES = YES;
				CLANG_WARN_SUSPICIOUS_MOVE = YES;
				CLANG_WARN_UNGUARDED_AVAILABILITY = YES_AGGRESSIVE;
				CLANG_WARN_UNREACHABLE_CODE = YES;
				CLANG_WARN__DUPLICATE_METHOD_MATCH = YES;
				COPY_PHASE_STRIP = NO;
				DEBUG_INFORMATION_FORMAT = "dwarf-with-dsym";
				ENABLE_NS_ASSERTIONS = NO;
				ENABLE_STRICT_OBJC_MSGSEND = YES;
				GCC_C_LANGUAGE_STANDARD = gnu11;
				GCC_NO_COMMON_BLOCKS = YES;
				GCC_WARN_64_TO_32_BIT_CONVERSION = YES;
				GCC_WARN_ABOUT_RETURN_TYPE = YES_ERROR;
				GCC_WARN_UNDECLARED_SELECTOR = YES;
				GCC_WARN_UNINITIALIZED_AUTOS = YES_AGGRESSIVE;
				GCC_WARN_UNUSED_FUNCTION = YES;
				GCC_WARN_UNUSED_VARIABLE = YES;
				IPHONEOS_DEPLOYMENT_TARGET = 16.2;
				MTL_ENABLE_DEBUG_INFO = NO;
				MTL_FAST_MATH = YES;
				SDKROOT = iphoneos;
				SWIFT_COMPILATION_MODE = wholemodule;
				SWIFT_OPTIMIZATION_LEVEL = "-O";
				VALIDATE_PRODUCT = YES;
			};
			name = Release;
		};
		048CBB26297B0F2800FAF443 /* Debug */ = {
			isa = XCBuildConfiguration;
			buildSettings = {
				ASSETCATALOG_COMPILER_APPICON_NAME = AppIcon;
				ASSETCATALOG_COMPILER_GLOBAL_ACCENT_COLOR_NAME = AccentColor;
				CODE_SIGN_STYLE = Automatic;
				CURRENT_PROJECT_VERSION = 1;
				GENERATE_INFOPLIST_FILE = YES;
				INFOPLIST_FILE = "Employee Directory/Info.plist";
				INFOPLIST_KEY_UIApplicationSupportsIndirectInputEvents = YES;
				INFOPLIST_KEY_UILaunchStoryboardName = LaunchScreen;
				INFOPLIST_KEY_UIMainStoryboardFile = Main;
				INFOPLIST_KEY_UISupportedInterfaceOrientations_iPad = "UIInterfaceOrientationPortrait UIInterfaceOrientationPortraitUpsideDown UIInterfaceOrientationLandscapeLeft UIInterfaceOrientationLandscapeRight";
				INFOPLIST_KEY_UISupportedInterfaceOrientations_iPhone = "UIInterfaceOrientationPortrait UIInterfaceOrientationLandscapeLeft UIInterfaceOrientationLandscapeRight";
				LD_RUNPATH_SEARCH_PATHS = (
					"$(inherited)",
					"@executable_path/Frameworks",
				);
				MARKETING_VERSION = 1.0;
				PRODUCT_BUNDLE_IDENTIFIER = "com.nicolesouvenir.Employee-Directory";
				PRODUCT_NAME = "$(TARGET_NAME)";
				SWIFT_EMIT_LOC_STRINGS = YES;
				SWIFT_VERSION = 5.0;
				TARGETED_DEVICE_FAMILY = "1,2";
			};
			name = Debug;
		};
		048CBB27297B0F2800FAF443 /* Release */ = {
			isa = XCBuildConfiguration;
			buildSettings = {
				ASSETCATALOG_COMPILER_APPICON_NAME = AppIcon;
				ASSETCATALOG_COMPILER_GLOBAL_ACCENT_COLOR_NAME = AccentColor;
				CODE_SIGN_STYLE = Automatic;
				CURRENT_PROJECT_VERSION = 1;
				GENERATE_INFOPLIST_FILE = YES;
				INFOPLIST_FILE = "Employee Directory/Info.plist";
				INFOPLIST_KEY_UIApplicationSupportsIndirectInputEvents = YES;
				INFOPLIST_KEY_UILaunchStoryboardName = LaunchScreen;
				INFOPLIST_KEY_UIMainStoryboardFile = Main;
				INFOPLIST_KEY_UISupportedInterfaceOrientations_iPad = "UIInterfaceOrientationPortrait UIInterfaceOrientationPortraitUpsideDown UIInterfaceOrientationLandscapeLeft UIInterfaceOrientationLandscapeRight";
				INFOPLIST_KEY_UISupportedInterfaceOrientations_iPhone = "UIInterfaceOrientationPortrait UIInterfaceOrientationLandscapeLeft UIInterfaceOrientationLandscapeRight";
				LD_RUNPATH_SEARCH_PATHS = (
					"$(inherited)",
					"@executable_path/Frameworks",
				);
				MARKETING_VERSION = 1.0;
				PRODUCT_BUNDLE_IDENTIFIER = "com.nicolesouvenir.Employee-Directory";
				PRODUCT_NAME = "$(TARGET_NAME)";
				SWIFT_EMIT_LOC_STRINGS = YES;
				SWIFT_VERSION = 5.0;
				TARGETED_DEVICE_FAMILY = "1,2";
			};
			name = Release;
		};
		048CBB29297B0F2800FAF443 /* Debug */ = {
			isa = XCBuildConfiguration;
			buildSettings = {
				ALWAYS_EMBED_SWIFT_STANDARD_LIBRARIES = YES;
				BUNDLE_LOADER = "$(TEST_HOST)";
				CODE_SIGN_STYLE = Automatic;
				CURRENT_PROJECT_VERSION = 1;
				GENERATE_INFOPLIST_FILE = YES;
				IPHONEOS_DEPLOYMENT_TARGET = 16.2;
				MARKETING_VERSION = 1.0;
				PRODUCT_BUNDLE_IDENTIFIER = "com.nicolesouvenir.Employee-DirectoryTests";
				PRODUCT_NAME = "$(TARGET_NAME)";
				SWIFT_EMIT_LOC_STRINGS = NO;
				SWIFT_VERSION = 5.0;
				TARGETED_DEVICE_FAMILY = "1,2";
				TEST_HOST = "$(BUILT_PRODUCTS_DIR)/Employee Directory.app/$(BUNDLE_EXECUTABLE_FOLDER_PATH)/Employee Directory";
			};
			name = Debug;
		};
		048CBB2A297B0F2800FAF443 /* Release */ = {
			isa = XCBuildConfiguration;
			buildSettings = {
				ALWAYS_EMBED_SWIFT_STANDARD_LIBRARIES = YES;
				BUNDLE_LOADER = "$(TEST_HOST)";
				CODE_SIGN_STYLE = Automatic;
				CURRENT_PROJECT_VERSION = 1;
				GENERATE_INFOPLIST_FILE = YES;
				IPHONEOS_DEPLOYMENT_TARGET = 16.2;
				MARKETING_VERSION = 1.0;
				PRODUCT_BUNDLE_IDENTIFIER = "com.nicolesouvenir.Employee-DirectoryTests";
				PRODUCT_NAME = "$(TARGET_NAME)";
				SWIFT_EMIT_LOC_STRINGS = NO;
				SWIFT_VERSION = 5.0;
				TARGETED_DEVICE_FAMILY = "1,2";
				TEST_HOST = "$(BUILT_PRODUCTS_DIR)/Employee Directory.app/$(BUNDLE_EXECUTABLE_FOLDER_PATH)/Employee Directory";
			};
			name = Release;
		};
		048CBB2C297B0F2800FAF443 /* Debug */ = {
			isa = XCBuildConfiguration;
			buildSettings = {
				ALWAYS_EMBED_SWIFT_STANDARD_LIBRARIES = YES;
				CODE_SIGN_STYLE = Automatic;
				CURRENT_PROJECT_VERSION = 1;
				GENERATE_INFOPLIST_FILE = YES;
				MARKETING_VERSION = 1.0;
				PRODUCT_BUNDLE_IDENTIFIER = "com.nicolesouvenir.Employee-DirectoryUITests";
				PRODUCT_NAME = "$(TARGET_NAME)";
				SWIFT_EMIT_LOC_STRINGS = NO;
				SWIFT_VERSION = 5.0;
				TARGETED_DEVICE_FAMILY = "1,2";
				TEST_TARGET_NAME = "Employee Directory";
			};
			name = Debug;
		};
		048CBB2D297B0F2800FAF443 /* Release */ = {
			isa = XCBuildConfiguration;
			buildSettings = {
				ALWAYS_EMBED_SWIFT_STANDARD_LIBRARIES = YES;
				CODE_SIGN_STYLE = Automatic;
				CURRENT_PROJECT_VERSION = 1;
				GENERATE_INFOPLIST_FILE = YES;
				MARKETING_VERSION = 1.0;
				PRODUCT_BUNDLE_IDENTIFIER = "com.nicolesouvenir.Employee-DirectoryUITests";
				PRODUCT_NAME = "$(TARGET_NAME)";
				SWIFT_EMIT_LOC_STRINGS = NO;
				SWIFT_VERSION = 5.0;
				TARGETED_DEVICE_FAMILY = "1,2";
				TEST_TARGET_NAME = "Employee Directory";
			};
			name = Release;
		};
/* End XCBuildConfiguration section */

/* Begin XCConfigurationList section */
		048CBAF6297B0F2700FAF443 /* Build configuration list for PBXProject "Employee Directory" */ = {
			isa = XCConfigurationList;
			buildConfigurations = (
				048CBB23297B0F2800FAF443 /* Debug */,
				048CBB24297B0F2800FAF443 /* Release */,
			);
			defaultConfigurationIsVisible = 0;
			defaultConfigurationName = Release;
		};
		048CBB25297B0F2800FAF443 /* Build configuration list for PBXNativeTarget "Employee Directory" */ = {
			isa = XCConfigurationList;
			buildConfigurations = (
				048CBB26297B0F2800FAF443 /* Debug */,
				048CBB27297B0F2800FAF443 /* Release */,
			);
			defaultConfigurationIsVisible = 0;
			defaultConfigurationName = Release;
		};
		048CBB28297B0F2800FAF443 /* Build configuration list for PBXNativeTarget "Employee DirectoryTests" */ = {
			isa = XCConfigurationList;
			buildConfigurations = (
				048CBB29297B0F2800FAF443 /* Debug */,
				048CBB2A297B0F2800FAF443 /* Release */,
			);
			defaultConfigurationIsVisible = 0;
			defaultConfigurationName = Release;
		};
		048CBB2B297B0F2800FAF443 /* Build configuration list for PBXNativeTarget "Employee DirectoryUITests" */ = {
			isa = XCConfigurationList;
			buildConfigurations = (
				048CBB2C297B0F2800FAF443 /* Debug */,
				048CBB2D297B0F2800FAF443 /* Release */,
			);
			defaultConfigurationIsVisible = 0;
			defaultConfigurationName = Release;
		};
/* End XCConfigurationList section */
	};
	rootObject = 048CBAF3297B0F2700FAF443 /* Project object */;
}
